{
  "requires": true,
  "lockfileVersion": 1,
  "dependencies": {
    "abstract-leveldown": {
      "version": "0.12.4",
      "resolved": "https://registry.npmjs.org/abstract-leveldown/-/abstract-leveldown-0.12.4.tgz",
      "integrity": "sha1-KeGOYy5g5OIh1YECR4UqY9ey5BA=",
      "requires": {
        "xtend": "~3.0.0"
      },
      "dependencies": {
        "xtend": {
          "version": "3.0.0",
          "resolved": "https://registry.npmjs.org/xtend/-/xtend-3.0.0.tgz",
          "integrity": "sha1-XM50B7r2Qsunvs2laBEcST9ZZlo="
        }
      }
    },
    "encoding": {
      "version": "0.1.12",
      "resolved": "https://registry.npmjs.org/encoding/-/encoding-0.1.12.tgz",
      "integrity": "sha1-U4tm8+5izRq1HsMjgp0flIDHS+s=",
      "requires": {
        "iconv-lite": "~0.4.13"
      }
    },
    "file-type": {
      "version": "3.9.0",
      "resolved": "https://registry.npmjs.org/file-type/-/file-type-3.9.0.tgz",
      "integrity": "sha1-JXoHg4TR24CHvESdEH1SpSZyuek="
    },
    "iconv-lite": {
      "version": "0.4.24",
      "resolved": "https://registry.npmjs.org/iconv-lite/-/iconv-lite-0.4.24.tgz",
      "integrity": "sha512-v3MXnZAcvnywkTUEZomIActle7RXXeedOR31wwl7VlyoXO4Qi9arvSenNQWne1TcRwhCL1HwLI21bEqdpj8/rA==",
      "requires": {
        "safer-buffer": ">= 2.1.2 < 3"
      }
    },
    "idb-wrapper": {
      "version": "1.7.2",
      "resolved": "https://registry.npmjs.org/idb-wrapper/-/idb-wrapper-1.7.2.tgz",
      "integrity": "sha512-zfNREywMuf0NzDo9mVsL0yegjsirJxHpKHvWcyRozIqQy89g0a3U+oBPOCN4cc0oCiOuYgZHimzaW/R46G1Mpg=="
    },
    "is-stream": {
      "version": "1.1.0",
      "resolved": "https://registry.npmjs.org/is-stream/-/is-stream-1.1.0.tgz",
      "integrity": "sha1-EtSj3U5o4Lec6428hBc66A2RykQ="
    },
    "is-url": {
      "version": "1.2.2",
      "resolved": "https://registry.npmjs.org/is-url/-/is-url-1.2.2.tgz",
      "integrity": "sha1-SYkFpZO/R8wtnn9zg3K792lsfyY="
    },
    "isbuffer": {
      "version": "0.0.0",
      "resolved": "https://registry.npmjs.org/isbuffer/-/isbuffer-0.0.0.tgz",
      "integrity": "sha1-OMFG2d9Si4v5sHAcPUPPEt8/w5s="
    },
    "isomorphic-fetch": {
      "version": "2.2.1",
      "resolved": "https://registry.npmjs.org/isomorphic-fetch/-/isomorphic-fetch-2.2.1.tgz",
      "integrity": "sha1-YRrhrPFPXoH3KVB0coGf6XM1WKk=",
      "requires": {
        "node-fetch": "^1.0.1",
        "whatwg-fetch": ">=0.10.0"
      }
    },
    "jpeg-js": {
      "version": "0.2.0",
      "resolved": "https://registry.npmjs.org/jpeg-js/-/jpeg-js-0.2.0.tgz",
      "integrity": "sha1-U+RI7J0mPmgyZkZ+lELSxaLvVII="
    },
    "level-js": {
      "version": "2.2.4",
      "resolved": "https://registry.npmjs.org/level-js/-/level-js-2.2.4.tgz",
      "integrity": "sha1-vAVfQYBjXUSJtWHJSG+jcOjBFpc=",
      "requires": {
        "abstract-leveldown": "~0.12.0",
        "idb-wrapper": "^1.5.0",
        "isbuffer": "~0.0.0",
        "ltgt": "^2.1.2",
        "typedarray-to-buffer": "~1.0.0",
        "xtend": "~2.1.2"
      }
    },
    "ltgt": {
      "version": "2.2.1",
      "resolved": "https://registry.npmjs.org/ltgt/-/ltgt-2.2.1.tgz",
      "integrity": "sha1-81ypHEk/e3PaDgdJUwTxezH4fuU="
    },
    "node-fetch": {
      "version": "1.7.3",
      "resolved": "https://registry.npmjs.org/node-fetch/-/node-fetch-1.7.3.tgz",
      "integrity": "sha512-NhZ4CsKx7cYm2vSrBAr2PvFOe6sWDf0UYLRqA6svUYg7+/TSfVAu49jYC4BvQ4Sms9SZgdqGBgroqfDhJdTyKQ==",
      "requires": {
        "encoding": "^0.1.11",
        "is-stream": "^1.0.1"
      }
    },
    "object-assign": {
      "version": "4.1.1",
      "resolved": "https://registry.npmjs.org/object-assign/-/object-assign-4.1.1.tgz",
      "integrity": "sha1-IQmtx5ZYh8/AXLvUQsrIv7s2CGM="
    },
    "object-keys": {
      "version": "0.4.0",
      "resolved": "https://registry.npmjs.org/object-keys/-/object-keys-0.4.0.tgz",
      "integrity": "sha1-KKaq50KN0sOpLz2V8hM13SBOAzY="
    },
    "png.js": {
      "version": "0.2.1",
      "resolved": "https://registry.npmjs.org/png.js/-/png.js-0.2.1.tgz",
      "integrity": "sha1-2muDwTS9wQGUDZqxyY6RVK/7sfI="
    },
    "safer-buffer": {
      "version": "2.1.2",
      "resolved": "https://registry.npmjs.org/safer-buffer/-/safer-buffer-2.1.2.tgz",
      "integrity": "sha512-YZo3K82SD7Riyi0E1EQPojLz7kpepnSQI9IyPbHHg1XXXevb5dJI7tpyN2ADxGcQbHG7vcyRHk0cbwqcQriUtg=="
    },
    "tesseract.js": {
      "version": "1.0.19",
      "resolved": "https://registry.npmjs.org/tesseract.js/-/tesseract.js-1.0.19.tgz",
      "integrity": "sha512-UXnCd2GkDOuVwPYv8MryzDwXEPLJ/BjEuT76PWzVC8XhZbsChRkpoiKDSGDbZ2BW2rwg1yBWJ0joSdCTw1umBA==",
      "requires": {
        "file-type": "^3.8.0",
        "is-url": "1.2.2",
        "isomorphic-fetch": "^2.2.1",
        "jpeg-js": "^0.2.0",
        "level-js": "^2.2.4",
        "node-fetch": "^1.6.3",
        "object-assign": "^4.1.0",
        "png.js": "^0.2.1",
        "tesseract.js-core": "^1.0.2"
      }
    },
    "tesseract.js-core": {
      "version": "1.0.2",
      "resolved": "https://registry.npmjs.org/tesseract.js-core/-/tesseract.js-core-1.0.2.tgz",
      "integrity": "sha1-HOM6KdyBI1e4NWow7e34sYgEOzc="
    },
    "typedarray-to-buffer": {
      "version": "1.0.4",
      "resolved": "https://registry.npmjs.org/typedarray-to-buffer/-/typedarray-to-buffer-1.0.4.tgz",
      "integrity": "sha1-m7i6DoQfs/TPH+fCRenz+opf6Zw="
    },
    "whatwg-fetch": {
      "version": "3.0.0",
      "resolved": "https://registry.npmjs.org/whatwg-fetch/-/whatwg-fetch-3.0.0.tgz",
      "integrity": "sha512-9GSJUgz1D4MfyKU7KRqwOjXCXTqWdFNvEr7eUBYchQiVc744mqK/MzXPNR2WsPkmkOa4ywfg8C2n8h+13Bey1Q=="
    },
    "xtend": {
      "version": "2.1.2",
      "resolved": "https://registry.npmjs.org/xtend/-/xtend-2.1.2.tgz",
      "integrity": "sha1-bv7MKk2tjmlixJAbM3znuoe10os=",
      "requires": {
        "object-keys": "~0.4.0"
      }
    }
  }
}
